{
  "version": 4,
  "terraform_version": "1.9.2",
  "serial": 5,
  "lineage": "755908c3-cd3c-1d4f-4970-234e0c1101b1",
  "outputs": {},
  "resources": [
    {
      "mode": "managed",
      "type": "docker_container",
      "name": "mysql",
      "provider": "provider[\"registry.terraform.io/kreuzwerker/docker\"]",
      "instances": [
        {
          "schema_version": 2,
          "attributes": {
            "attach": false,
            "bridge": "",
            "capabilities": [],
            "cgroupns_mode": null,
            "command": [
              "mysqld"
            ],
            "container_logs": null,
            "container_read_refresh_timeout_milliseconds": 15000,
            "cpu_set": "",
            "cpu_shares": 0,
            "destroy_grace_seconds": null,
            "devices": [],
            "dns": null,
            "dns_opts": null,
            "dns_search": null,
            "domainname": "",
            "entrypoint": [
              "docker-entrypoint.sh"
            ],
            "env": [
              "MYSQL_DATABASE=mydatabase",
              "MYSQL_ROOT_PASSWORD=rootpassword"
            ],
            "exit_code": null,
            "gpus": null,
            "group_add": null,
            "healthcheck": null,
            "host": [],
            "hostname": "7081f89c5c09",
            "id": "7081f89c5c092ee3ef60fffa68e97bcc6cbf2c35f3b73f27ebb516341106a34b",
            "image": "sha256:5107333e08a87b836d48ff7528b1e84b9c86781cc9f1748bbc1b8c42a870d933",
            "init": false,
            "ipc_mode": "private",
            "labels": [],
            "log_driver": "json-file",
            "log_opts": null,
            "logs": false,
            "max_retry_count": 0,
            "memory": 0,
            "memory_swap": 0,
            "mounts": [],
            "must_run": true,
            "name": "mysql_db",
            "network_data": [
              {
                "gateway": "172.19.0.1",
                "global_ipv6_address": "",
                "global_ipv6_prefix_length": 0,
                "ip_address": "172.19.0.2",
                "ip_prefix_length": 16,
                "ipv6_gateway": "",
                "mac_address": "02:42:ac:13:00:02",
                "network_name": "app_network"
              }
            ],
            "network_mode": "bridge",
            "networks_advanced": [
              {
                "aliases": [],
                "ipv4_address": "",
                "ipv6_address": "",
                "name": "app_network"
              }
            ],
            "pid_mode": "",
            "ports": [],
            "privileged": false,
            "publish_all_ports": false,
            "read_only": false,
            "remove_volumes": true,
            "restart": "no",
            "rm": false,
            "runtime": "runc",
            "security_opts": [],
            "shm_size": 64,
            "start": true,
            "stdin_open": false,
            "stop_signal": "",
            "stop_timeout": 0,
            "storage_opts": null,
            "sysctls": null,
            "tmpfs": null,
            "tty": false,
            "ulimit": [],
            "upload": [],
            "user": "",
            "userns_mode": "",
            "volumes": [],
            "wait": false,
            "wait_timeout": 60,
            "working_dir": ""
          },
          "sensitive_attributes": [],
          "private": "eyJzY2hlbWFfdmVyc2lvbiI6IjIifQ==",
          "dependencies": [
            "docker_network.app_network"
          ]
        }
      ]
    },
    {
      "mode": "managed",
      "type": "docker_network",
      "name": "app_network",
      "provider": "provider[\"registry.terraform.io/kreuzwerker/docker\"]",
      "instances": [
        {
          "schema_version": 1,
          "attributes": {
            "attachable": false,
            "check_duplicate": null,
            "driver": "bridge",
            "id": "9202504ccade7b5f6f296398e1e23d1d263f3fe6af1cd11b2664fcf8a2bea078",
            "ingress": false,
            "internal": false,
            "ipam_config": [
              {
                "aux_address": {},
                "gateway": "172.19.0.1",
                "ip_range": "",
                "subnet": "172.19.0.0/16"
              }
            ],
            "ipam_driver": "default",
            "ipam_options": null,
            "ipv6": false,
            "labels": [],
            "name": "app_network",
            "options": {},
            "scope": "local"
          },
          "sensitive_attributes": [],
          "private": "eyJzY2hlbWFfdmVyc2lvbiI6IjEifQ=="
        }
      ]
    },
    {
      "mode": "managed",
      "type": "local_file",
      "name": "index_html",
      "provider": "provider[\"registry.terraform.io/hashicorp/local\"]",
      "instances": [
        {
          "schema_version": 0,
          "attributes": {
            "content": "\u003chtml\u003e\n\u003chead\u003e\u003ctitle\u003eWelcome\u003c/title\u003e\u003c/head\u003e\n\u003cbody\u003e\u003ch1\u003eWelcome to Terraform with Docker\u003c/h1\u003e\u003c/body\u003e\n\u003c/html\u003e\n",
            "content_base64": null,
            "content_base64sha256": "WTC34+SLxJLDDdSA0TUfKDGJ4k9A/O/A08tLXm0a22U=",
            "content_base64sha512": "It5O82JZiwl73N/4IdZAYpXlmQTHjLZ0OQPPvxyT+xYKdX+Uo9xxA6SBEBoln5V5nHbdNAq5hNGqqY7CpSSDSg==",
            "content_md5": "8902d49a2bebd2bffd422fc92bd0a341",
            "content_sha1": "88164c156fe4ff0d091a2e8478c9071c31e5cf10",
            "content_sha256": "5930b7e3e48bc492c30dd480d1351f283189e24f40fcefc0d3cb4b5e6d1adb65",
            "content_sha512": "22de4ef362598b097bdcdff821d6406295e59904c78cb6743903cfbf1c93fb160a757f94a3dc7103a481101a259f95799c76dd340ab984d1aaa98ec2a524834a",
            "directory_permission": "0777",
            "file_permission": "0777",
            "filename": "./index.html",
            "id": "88164c156fe4ff0d091a2e8478c9071c31e5cf10",
            "sensitive_content": null,
            "source": null
          },
          "sensitive_attributes": [
            [
              {
                "type": "get_attr",
                "value": "sensitive_content"
              }
            ]
          ]
        }
      ]
    }
  ],
  "check_results": null
}
